
Microsoft Visual Studio Solution File, Format Version 12.00
# Visual Studio Version 16
VisualStudioVersion = 16.0.30104.148
MinimumVisualStudioVersion = 10.0.40219.1
Project("{9A19103F-16F7-4668-BE54-9A1E7A4F7556}") = "miabdtdl2cdmconverter", "CDMExperiments\miabdtdl2cdmconverter.csproj", "{B628974F-2604-47C9-B3A6-223035066F2F}"
EndProject
Global
	GlobalSection(SolutionConfigurationPlatforms) = preSolution
		Debug|Any CPU = Debug|Any CPU
		Release|Any CPU = Release|Any CPU
	EndGlobalSection
	GlobalSection(ProjectConfigurationPlatforms) = postSolution
		{B628974F-2604-47C9-B3A6-223035066F2F}.Debug|Any CPU.ActiveCfg = Debug|Any CPU
		{B628974F-2604-47C9-B3A6-223035066F2F}.Debug|Any CPU.Build.0 = Debug|Any CPU
		{B628974F-2604-47C9-B3A6-223035066F2F}.Release|Any CPU.ActiveCfg = Release|Any CPU
		{B628974F-2604-47C9-B3A6-223035066F2F}.Release|Any CPU.Build.0 = Release|Any CPU
	EndGlobalSection
	GlobalSection(SolutionProperties) = preSolution
		HideSolutionNode = FALSE
	EndGlobalSection
	GlobalSection(ExtensibilityGlobals) = postSolution
		SolutionGuid = {9F86A042-FC45-4225-8890-5A919E07AD29}
	EndGlobalSection
EndGlobal
